
Microsoft Visual Studio Solution File, Format Version 12.00
# Visual Studio 15
Project("{FAE04EC0-301F-11D3-BF4B-00C04F79EFBC}") = "GraphQL-SimpleTalk", "GraphQL-SimpleTalk\GraphQL-SimpleTalk.csproj", "{C3EFB4FE-6240-49A2-8B70-EDD666E848DD}"
EndProject
Global
	GlobalSection(SolutionConfigurationPlatforms) = preSolution
		Debug|Any CPU = Debug|Any CPU
		Release|Any CPU = Release|Any CPU
	EndGlobalSection
	GlobalSection(ProjectConfigurationPlatforms) = postSolution
		{C3EFB4FE-6240-49A2-8B70-EDD666E848DD}.Debug|Any CPU.ActiveCfg = Debug|Any CPU
		{C3EFB4FE-6240-49A2-8B70-EDD666E848DD}.Debug|Any CPU.Build.0 = Debug|Any CPU
		{C3EFB4FE-6240-49A2-8B70-EDD666E848DD}.Release|Any CPU.ActiveCfg = Release|Any CPU
		{C3EFB4FE-6240-49A2-8B70-EDD666E848DD}.Release|Any CPU.Build.0 = Release|Any CPU
	EndGlobalSection
EndGlobal
